
Microsoft Visual Studio Solution File, Format Version 12.00
# Visual Studio Version 16
VisualStudioVersion = 16.0.31019.35
MinimumVisualStudioVersion = 10.0.40219.1
Project("{2150E333-8FDC-42A3-9474-1A3956D46DE8}") = "High CPU and Threads", "High CPU and Threads", "{84D8D3A6-2A41-4056-AD85-F28F0B78CCB3}"
EndProject
Project("{9A19103F-16F7-4668-BE54-9A1E7A4F7556}") = "Deadlock", "High CPU and Threads\Deadlock\Deadlock.csproj", "{FA9FC059-1908-4FC2-890D-107EB381A5F4}"
EndProject
Project("{9A19103F-16F7-4668-BE54-9A1E7A4F7556}") = "ThreadStarvation", "High CPU and Threads\ThreadStarvation\ThreadStarvation.csproj", "{9A6A3F8B-EFD1-4776-AF72-21AB1FAE688C}"
EndProject
Project("{9A19103F-16F7-4668-BE54-9A1E7A4F7556}") = "Crash", "High CPU and Threads\Crash\Crash.csproj", "{4203C108-A029-4827-96DD-F9372272AAD2}"
EndProject
Project("{9A19103F-16F7-4668-BE54-9A1E7A4F7556}") = "ThreadStarvation2", "High CPU and Threads\ThreadStarvation2\ThreadStarvation2.csproj", "{DC4646EA-234A-4D01-8489-F748B744E9BD}"
EndProject
Project("{9A19103F-16F7-4668-BE54-9A1E7A4F7556}") = "Crash2 - Demo", "High CPU and Threads\Crash2\Crash2 - Demo.csproj", "{1FA79DDE-B764-43AC-896F-99AB474BD3C0}"
EndProject
Project("{9A19103F-16F7-4668-BE54-9A1E7A4F7556}") = "EventPipeListener", "Misc\EventPipeListener\EventPipeListener.csproj", "{E77E2D95-66D4-4EE7-8BEF-411BC5AC46A7}"
EndProject
Project("{9A19103F-16F7-4668-BE54-9A1E7A4F7556}") = "Fibonacci", "Misc\Fibonacci\Fibonacci.csproj", "{806507F6-6E13-405A-BB88-FF62CF1E6211}"
EndProject
Project("{9A19103F-16F7-4668-BE54-9A1E7A4F7556}") = "PlaygroundForClrMD", "Misc\PlaygroundForClrMD\PlaygroundForClrMD.csproj", "{EFFE9F7A-BC78-41E2-B850-1B05FE3BE748}"
EndProject
Project("{2150E333-8FDC-42A3-9474-1A3956D46DE8}") = "Memory Issues", "Memory Issues", "{BC8A6B51-5E3A-4795-8B1C-98472E0F619D}"
EndProject
Project("{9A19103F-16F7-4668-BE54-9A1E7A4F7556}") = "Deadlock3", "High CPU and Threads\Deadlock3\Deadlock3.csproj", "{7B54C738-AB19-4FF1-A800-43CCF348B8F4}"
EndProject
Project("{2150E333-8FDC-42A3-9474-1A3956D46DE8}") = "Misc", "Misc", "{32E43771-977A-4394-8224-F65FAC75812B}"
EndProject
Project("{9A19103F-16F7-4668-BE54-9A1E7A4F7556}") = "MysteryApp1", "Memory Issues\MysteryApp1\MysteryApp1.csproj", "{E14ED350-2FF0-42CE-8BF4-297E3A0A950B}"
EndProject
Project("{9A19103F-16F7-4668-BE54-9A1E7A4F7556}") = "MysteryApp2", "Memory Issues\MysteryApp2\MysteryApp2.csproj", "{B737851E-70AB-4DBB-A789-65A9BBBF037B}"
EndProject
Project("{9A19103F-16F7-4668-BE54-9A1E7A4F7556}") = "MysteryApp3", "Memory Issues\MysteryApp3\MysteryApp3.csproj", "{C4A43CCC-AA17-4197-A57D-B00AD10DFA14}"
EndProject
Project("{9A19103F-16F7-4668-BE54-9A1E7A4F7556}") = "MysteryApp4", "Memory Issues\MysteryApp4\MysteryApp4.csproj", "{BEAE1D4B-8103-4A13-811E-E9C7066F7722}"
EndProject
Project("{9A19103F-16F7-4668-BE54-9A1E7A4F7556}") = "MysteryApp5", "Memory Issues\MysteryApp5\MysteryApp5.csproj", "{839DBDBE-300A-4CAD-BAFF-8159A82DA6B4}"
EndProject
Project("{9A19103F-16F7-4668-BE54-9A1E7A4F7556}") = "MysteryApp6", "Memory Issues\MysteryApp6\MysteryApp6.csproj", "{272F5F67-6D6C-4BF8-8E02-2D2DECD9FC4A}"
EndProject
Project("{9A19103F-16F7-4668-BE54-9A1E7A4F7556}") = "HighCPU", "High CPU and Threads\HighCPU\HighCPU.csproj", "{81EB68E6-D06D-470C-AFF3-AE75E0556B2C}"
EndProject
Project("{FAE04EC0-301F-11D3-BF4B-00C04F79EFBC}") = "Deadlock2", "Deadlock2\Deadlock2.csproj", "{59431350-0994-4A1A-8619-5B3DA9A3A17A}"
EndProject
Global
	GlobalSection(SolutionConfigurationPlatforms) = preSolution
		Debug|Any CPU = Debug|Any CPU
		Release|Any CPU = Release|Any CPU
	EndGlobalSection
	GlobalSection(ProjectConfigurationPlatforms) = postSolution
		{FA9FC059-1908-4FC2-890D-107EB381A5F4}.Debug|Any CPU.ActiveCfg = Debug|Any CPU
		{FA9FC059-1908-4FC2-890D-107EB381A5F4}.Debug|Any CPU.Build.0 = Debug|Any CPU
		{FA9FC059-1908-4FC2-890D-107EB381A5F4}.Release|Any CPU.ActiveCfg = Release|Any CPU
		{FA9FC059-1908-4FC2-890D-107EB381A5F4}.Release|Any CPU.Build.0 = Release|Any CPU
		{9A6A3F8B-EFD1-4776-AF72-21AB1FAE688C}.Debug|Any CPU.ActiveCfg = Debug|Any CPU
		{9A6A3F8B-EFD1-4776-AF72-21AB1FAE688C}.Debug|Any CPU.Build.0 = Debug|Any CPU
		{9A6A3F8B-EFD1-4776-AF72-21AB1FAE688C}.Release|Any CPU.ActiveCfg = Release|Any CPU
		{9A6A3F8B-EFD1-4776-AF72-21AB1FAE688C}.Release|Any CPU.Build.0 = Release|Any CPU
		{4203C108-A029-4827-96DD-F9372272AAD2}.Debug|Any CPU.ActiveCfg = Debug|Any CPU
		{4203C108-A029-4827-96DD-F9372272AAD2}.Debug|Any CPU.Build.0 = Debug|Any CPU
		{4203C108-A029-4827-96DD-F9372272AAD2}.Release|Any CPU.ActiveCfg = Release|Any CPU
		{4203C108-A029-4827-96DD-F9372272AAD2}.Release|Any CPU.Build.0 = Release|Any CPU
		{DC4646EA-234A-4D01-8489-F748B744E9BD}.Debug|Any CPU.ActiveCfg = Debug|Any CPU
		{DC4646EA-234A-4D01-8489-F748B744E9BD}.Debug|Any CPU.Build.0 = Debug|Any CPU
		{DC4646EA-234A-4D01-8489-F748B744E9BD}.Release|Any CPU.ActiveCfg = Release|Any CPU
		{DC4646EA-234A-4D01-8489-F748B744E9BD}.Release|Any CPU.Build.0 = Release|Any CPU
		{1FA79DDE-B764-43AC-896F-99AB474BD3C0}.Debug|Any CPU.ActiveCfg = Debug|Any CPU
		{1FA79DDE-B764-43AC-896F-99AB474BD3C0}.Debug|Any CPU.Build.0 = Debug|Any CPU
		{1FA79DDE-B764-43AC-896F-99AB474BD3C0}.Release|Any CPU.ActiveCfg = Release|Any CPU
		{1FA79DDE-B764-43AC-896F-99AB474BD3C0}.Release|Any CPU.Build.0 = Release|Any CPU
		{E77E2D95-66D4-4EE7-8BEF-411BC5AC46A7}.Debug|Any CPU.ActiveCfg = Debug|Any CPU
		{E77E2D95-66D4-4EE7-8BEF-411BC5AC46A7}.Debug|Any CPU.Build.0 = Debug|Any CPU
		{E77E2D95-66D4-4EE7-8BEF-411BC5AC46A7}.Release|Any CPU.ActiveCfg = Release|Any CPU
		{E77E2D95-66D4-4EE7-8BEF-411BC5AC46A7}.Release|Any CPU.Build.0 = Release|Any CPU
		{806507F6-6E13-405A-BB88-FF62CF1E6211}.Debug|Any CPU.ActiveCfg = Debug|Any CPU
		{806507F6-6E13-405A-BB88-FF62CF1E6211}.Debug|Any CPU.Build.0 = Debug|Any CPU
		{806507F6-6E13-405A-BB88-FF62CF1E6211}.Release|Any CPU.ActiveCfg = Release|Any CPU
		{806507F6-6E13-405A-BB88-FF62CF1E6211}.Release|Any CPU.Build.0 = Release|Any CPU
		{EFFE9F7A-BC78-41E2-B850-1B05FE3BE748}.Debug|Any CPU.ActiveCfg = Debug|Any CPU
		{EFFE9F7A-BC78-41E2-B850-1B05FE3BE748}.Debug|Any CPU.Build.0 = Debug|Any CPU
		{EFFE9F7A-BC78-41E2-B850-1B05FE3BE748}.Release|Any CPU.ActiveCfg = Release|Any CPU
		{EFFE9F7A-BC78-41E2-B850-1B05FE3BE748}.Release|Any CPU.Build.0 = Release|Any CPU
		{7B54C738-AB19-4FF1-A800-43CCF348B8F4}.Debug|Any CPU.ActiveCfg = Debug|Any CPU
		{7B54C738-AB19-4FF1-A800-43CCF348B8F4}.Debug|Any CPU.Build.0 = Debug|Any CPU
		{7B54C738-AB19-4FF1-A800-43CCF348B8F4}.Release|Any CPU.ActiveCfg = Release|Any CPU
		{7B54C738-AB19-4FF1-A800-43CCF348B8F4}.Release|Any CPU.Build.0 = Release|Any CPU
		{E14ED350-2FF0-42CE-8BF4-297E3A0A950B}.Debug|Any CPU.ActiveCfg = Debug|Any CPU
		{E14ED350-2FF0-42CE-8BF4-297E3A0A950B}.Debug|Any CPU.Build.0 = Debug|Any CPU
		{E14ED350-2FF0-42CE-8BF4-297E3A0A950B}.Release|Any CPU.ActiveCfg = Release|Any CPU
		{E14ED350-2FF0-42CE-8BF4-297E3A0A950B}.Release|Any CPU.Build.0 = Release|Any CPU
		{B737851E-70AB-4DBB-A789-65A9BBBF037B}.Debug|Any CPU.ActiveCfg = Debug|Any CPU
		{B737851E-70AB-4DBB-A789-65A9BBBF037B}.Debug|Any CPU.Build.0 = Debug|Any CPU
		{B737851E-70AB-4DBB-A789-65A9BBBF037B}.Release|Any CPU.ActiveCfg = Release|Any CPU
		{B737851E-70AB-4DBB-A789-65A9BBBF037B}.Release|Any CPU.Build.0 = Release|Any CPU
		{C4A43CCC-AA17-4197-A57D-B00AD10DFA14}.Debug|Any CPU.ActiveCfg = Debug|Any CPU
		{C4A43CCC-AA17-4197-A57D-B00AD10DFA14}.Debug|Any CPU.Build.0 = Debug|Any CPU
		{C4A43CCC-AA17-4197-A57D-B00AD10DFA14}.Release|Any CPU.ActiveCfg = Release|Any CPU
		{C4A43CCC-AA17-4197-A57D-B00AD10DFA14}.Release|Any CPU.Build.0 = Release|Any CPU
		{BEAE1D4B-8103-4A13-811E-E9C7066F7722}.Debug|Any CPU.ActiveCfg = Debug|Any CPU
		{BEAE1D4B-8103-4A13-811E-E9C7066F7722}.Debug|Any CPU.Build.0 = Debug|Any CPU
		{BEAE1D4B-8103-4A13-811E-E9C7066F7722}.Release|Any CPU.ActiveCfg = Release|Any CPU
		{BEAE1D4B-8103-4A13-811E-E9C7066F7722}.Release|Any CPU.Build.0 = Release|Any CPU
		{839DBDBE-300A-4CAD-BAFF-8159A82DA6B4}.Debug|Any CPU.ActiveCfg = Debug|Any CPU
		{839DBDBE-300A-4CAD-BAFF-8159A82DA6B4}.Debug|Any CPU.Build.0 = Debug|Any CPU
		{839DBDBE-300A-4CAD-BAFF-8159A82DA6B4}.Release|Any CPU.ActiveCfg = Release|Any CPU
		{839DBDBE-300A-4CAD-BAFF-8159A82DA6B4}.Release|Any CPU.Build.0 = Release|Any CPU
		{272F5F67-6D6C-4BF8-8E02-2D2DECD9FC4A}.Debug|Any CPU.ActiveCfg = Debug|Any CPU
		{272F5F67-6D6C-4BF8-8E02-2D2DECD9FC4A}.Debug|Any CPU.Build.0 = Debug|Any CPU
		{272F5F67-6D6C-4BF8-8E02-2D2DECD9FC4A}.Release|Any CPU.ActiveCfg = Release|Any CPU
		{272F5F67-6D6C-4BF8-8E02-2D2DECD9FC4A}.Release|Any CPU.Build.0 = Release|Any CPU
		{81EB68E6-D06D-470C-AFF3-AE75E0556B2C}.Debug|Any CPU.ActiveCfg = Debug|Any CPU
		{81EB68E6-D06D-470C-AFF3-AE75E0556B2C}.Debug|Any CPU.Build.0 = Debug|Any CPU
		{81EB68E6-D06D-470C-AFF3-AE75E0556B2C}.Release|Any CPU.ActiveCfg = Release|Any CPU
		{81EB68E6-D06D-470C-AFF3-AE75E0556B2C}.Release|Any CPU.Build.0 = Release|Any CPU
		{59431350-0994-4A1A-8619-5B3DA9A3A17A}.Debug|Any CPU.ActiveCfg = Debug|Any CPU
		{59431350-0994-4A1A-8619-5B3DA9A3A17A}.Debug|Any CPU.Build.0 = Debug|Any CPU
		{59431350-0994-4A1A-8619-5B3DA9A3A17A}.Release|Any CPU.ActiveCfg = Release|Any CPU
		{59431350-0994-4A1A-8619-5B3DA9A3A17A}.Release|Any CPU.Build.0 = Release|Any CPU
	EndGlobalSection
	GlobalSection(SolutionProperties) = preSolution
		HideSolutionNode = FALSE
	EndGlobalSection
	GlobalSection(NestedProjects) = preSolution
		{FA9FC059-1908-4FC2-890D-107EB381A5F4} = {84D8D3A6-2A41-4056-AD85-F28F0B78CCB3}
		{9A6A3F8B-EFD1-4776-AF72-21AB1FAE688C} = {84D8D3A6-2A41-4056-AD85-F28F0B78CCB3}
		{4203C108-A029-4827-96DD-F9372272AAD2} = {84D8D3A6-2A41-4056-AD85-F28F0B78CCB3}
		{DC4646EA-234A-4D01-8489-F748B744E9BD} = {84D8D3A6-2A41-4056-AD85-F28F0B78CCB3}
		{1FA79DDE-B764-43AC-896F-99AB474BD3C0} = {84D8D3A6-2A41-4056-AD85-F28F0B78CCB3}
		{E77E2D95-66D4-4EE7-8BEF-411BC5AC46A7} = {32E43771-977A-4394-8224-F65FAC75812B}
		{806507F6-6E13-405A-BB88-FF62CF1E6211} = {32E43771-977A-4394-8224-F65FAC75812B}
		{EFFE9F7A-BC78-41E2-B850-1B05FE3BE748} = {32E43771-977A-4394-8224-F65FAC75812B}
		{7B54C738-AB19-4FF1-A800-43CCF348B8F4} = {84D8D3A6-2A41-4056-AD85-F28F0B78CCB3}
		{E14ED350-2FF0-42CE-8BF4-297E3A0A950B} = {BC8A6B51-5E3A-4795-8B1C-98472E0F619D}
		{B737851E-70AB-4DBB-A789-65A9BBBF037B} = {BC8A6B51-5E3A-4795-8B1C-98472E0F619D}
		{C4A43CCC-AA17-4197-A57D-B00AD10DFA14} = {BC8A6B51-5E3A-4795-8B1C-98472E0F619D}
		{BEAE1D4B-8103-4A13-811E-E9C7066F7722} = {BC8A6B51-5E3A-4795-8B1C-98472E0F619D}
		{839DBDBE-300A-4CAD-BAFF-8159A82DA6B4} = {BC8A6B51-5E3A-4795-8B1C-98472E0F619D}
		{272F5F67-6D6C-4BF8-8E02-2D2DECD9FC4A} = {BC8A6B51-5E3A-4795-8B1C-98472E0F619D}
		{81EB68E6-D06D-470C-AFF3-AE75E0556B2C} = {84D8D3A6-2A41-4056-AD85-F28F0B78CCB3}
		{59431350-0994-4A1A-8619-5B3DA9A3A17A} = {84D8D3A6-2A41-4056-AD85-F28F0B78CCB3}
	EndGlobalSection
	GlobalSection(ExtensibilityGlobals) = postSolution
		SolutionGuid = {AB95D7B7-046E-43D8-B059-4BCA2F03366A}
	EndGlobalSection
EndGlobal
